
Microsoft Visual Studio Solution File, Format Version 12.00
# Visual Studio Version 17
VisualStudioVersion = 17.7.34202.233
MinimumVisualStudioVersion = 10.0.40219.1
Project("{FAE04EC0-301F-11D3-BF4B-00C04F79EFBC}") = "EnumsPdfGenerator", "EnumsPdfGenerator\EnumsPdfGenerator.csproj", "{0CD242B4-7F85-4DAF-8BA4-6A709F5D43BA}"
EndProject
Global
	GlobalSection(SolutionConfigurationPlatforms) = preSolution
		Debug|Any CPU = Debug|Any CPU
		Release|Any CPU = Release|Any CPU
	EndGlobalSection
	GlobalSection(ProjectConfigurationPlatforms) = postSolution
		{0CD242B4-7F85-4DAF-8BA4-6A709F5D43BA}.Debug|Any CPU.ActiveCfg = Debug|Any CPU
		{0CD242B4-7F85-4DAF-8BA4-6A709F5D43BA}.Debug|Any CPU.Build.0 = Debug|Any CPU
		{0CD242B4-7F85-4DAF-8BA4-6A709F5D43BA}.Release|Any CPU.ActiveCfg = Release|Any CPU
		{0CD242B4-7F85-4DAF-8BA4-6A709F5D43BA}.Release|Any CPU.Build.0 = Release|Any CPU
	EndGlobalSection
	GlobalSection(SolutionProperties) = preSolution
		HideSolutionNode = FALSE
	EndGlobalSection
	GlobalSection(ExtensibilityGlobals) = postSolution
		SolutionGuid = {E39DF70B-C798-4806-83CB-184239129429}
	EndGlobalSection
EndGlobal
